
Microsoft Visual Studio Solution File, Format Version 12.00
# Visual Studio Version 16
VisualStudioVersion = 16.0.30711.63
MinimumVisualStudioVersion = 10.0.40219.1
Project("{FAE04EC0-301F-11D3-BF4B-00C04F79EFBC}") = "Pilas_ColasSimples_ColasCirculares", "Pilas_ColasSimples_ColasCirculares\Pilas_ColasSimples_ColasCirculares.csproj", "{08F2D94B-E88F-4477-A100-98A3247845D1}"
EndProject
Global
	GlobalSection(SolutionConfigurationPlatforms) = preSolution
		Debug|Any CPU = Debug|Any CPU
		Release|Any CPU = Release|Any CPU
	EndGlobalSection
	GlobalSection(ProjectConfigurationPlatforms) = postSolution
		{08F2D94B-E88F-4477-A100-98A3247845D1}.Debug|Any CPU.ActiveCfg = Debug|Any CPU
		{08F2D94B-E88F-4477-A100-98A3247845D1}.Debug|Any CPU.Build.0 = Debug|Any CPU
		{08F2D94B-E88F-4477-A100-98A3247845D1}.Release|Any CPU.ActiveCfg = Release|Any CPU
		{08F2D94B-E88F-4477-A100-98A3247845D1}.Release|Any CPU.Build.0 = Release|Any CPU
	EndGlobalSection
	GlobalSection(SolutionProperties) = preSolution
		HideSolutionNode = FALSE
	EndGlobalSection
	GlobalSection(ExtensibilityGlobals) = postSolution
		SolutionGuid = {40350D6D-6FF8-4C0F-9AB3-44AF27A38026}
	EndGlobalSection
EndGlobal
